
Microsoft Visual Studio Solution File, Format Version 12.00
# Visual Studio 14
VisualStudioVersion = 14.0.25420.1
MinimumVisualStudioVersion = 10.0.40219.1
Project("{FAE04EC0-301F-11D3-BF4B-00C04F79EFBC}") = "BingoWallpaper.BackgroundTask", "BingoWallpaper.BackgroundTask\BingoWallpaper.BackgroundTask.csproj", "{AC69C3C1-8C4A-424C-8AC9-128E05A1B54B}"
EndProject
Project("{FAE04EC0-301F-11D3-BF4B-00C04F79EFBC}") = "BingoWallpaper.Utils", "BingoWallpaper.Utils\BingoWallpaper.Utils.csproj", "{94813FA8-4A95-474E-93FB-1E9C9EAB9BF7}"
EndProject
Project("{FAE04EC0-301F-11D3-BF4B-00C04F79EFBC}") = "BingoWallpaper.Uwp", "BingoWallpaper.Uwp\BingoWallpaper.Uwp.csproj", "{57DD34BD-9E87-462E-98A4-07D64D96B807}"
EndProject
Project("{FAE04EC0-301F-11D3-BF4B-00C04F79EFBC}") = "BingoWallpaper.Models", "BingoWallpaper.Models\BingoWallpaper.Models.csproj", "{0B0BF029-A7EA-44DB-8BA4-3CB52E7D4093}"
EndProject
Project("{FAE04EC0-301F-11D3-BF4B-00C04F79EFBC}") = "BingoWallpaper.Services", "BingoWallpaper.Services\BingoWallpaper.Services.csproj", "{749FDCA3-8782-441F-A8D3-7C95E3CA00AD}"
EndProject
Project("{FAE04EC0-301F-11D3-BF4B-00C04F79EFBC}") = "BingoWallpaper.Services.UnitTests", "BingoWallpaper.Services.UnitTests\BingoWallpaper.Services.UnitTests.csproj", "{62700AAE-A759-4F40-BB1B-D349B1D5AEB6}"
EndProject
Project("{FAE04EC0-301F-11D3-BF4B-00C04F79EFBC}") = "BingoWallpaper.Configuration.Uwp", "BingoWallpaper.Configuration.Uwp\BingoWallpaper.Configuration.Uwp.csproj", "{EF7A98EC-6E80-4EAD-9D5B-85E217545BCF}"
EndProject
Project("{FAE04EC0-301F-11D3-BF4B-00C04F79EFBC}") = "BingoWallpaper.Services.Uwp", "BingoWallpaper.Services.Uwp\BingoWallpaper.Services.Uwp.csproj", "{5B42B74F-5F69-484F-8397-4BF23BD45342}"
EndProject
Project("{FAE04EC0-301F-11D3-BF4B-00C04F79EFBC}") = "SoftwareKobo.Social.Sina.Weibo", "SoftwareKobo.Social.Sina.Weibo\SoftwareKobo.Social.Sina.Weibo.csproj", "{572E448B-88F1-420E-9987-F2647E0090A1}"
EndProject
Project("{FAE04EC0-301F-11D3-BF4B-00C04F79EFBC}") = "BingoWallpaper.Configuration", "BingoWallpaper.Configuration\BingoWallpaper.Configuration.csproj", "{1C6118CD-08F9-46F9-914F-AE629E1B7DF6}"
EndProject
Global
	GlobalSection(SolutionConfigurationPlatforms) = preSolution
		Debug|Any CPU = Debug|Any CPU
		Debug|ARM = Debug|ARM
		Debug|x64 = Debug|x64
		Debug|x86 = Debug|x86
		Release|Any CPU = Release|Any CPU
		Release|ARM = Release|ARM
		Release|x64 = Release|x64
		Release|x86 = Release|x86
	EndGlobalSection
	GlobalSection(ProjectConfigurationPlatforms) = postSolution
		{AC69C3C1-8C4A-424C-8AC9-128E05A1B54B}.Debug|Any CPU.ActiveCfg = Debug|Any CPU
		{AC69C3C1-8C4A-424C-8AC9-128E05A1B54B}.Debug|Any CPU.Build.0 = Debug|Any CPU
		{AC69C3C1-8C4A-424C-8AC9-128E05A1B54B}.Debug|ARM.ActiveCfg = Debug|ARM
		{AC69C3C1-8C4A-424C-8AC9-128E05A1B54B}.Debug|ARM.Build.0 = Debug|ARM
		{AC69C3C1-8C4A-424C-8AC9-128E05A1B54B}.Debug|x64.ActiveCfg = Debug|x64
		{AC69C3C1-8C4A-424C-8AC9-128E05A1B54B}.Debug|x64.Build.0 = Debug|x64
		{AC69C3C1-8C4A-424C-8AC9-128E05A1B54B}.Debug|x86.ActiveCfg = Debug|x86
		{AC69C3C1-8C4A-424C-8AC9-128E05A1B54B}.Debug|x86.Build.0 = Debug|x86
		{AC69C3C1-8C4A-424C-8AC9-128E05A1B54B}.Release|Any CPU.ActiveCfg = Release|Any CPU
		{AC69C3C1-8C4A-424C-8AC9-128E05A1B54B}.Release|Any CPU.Build.0 = Release|Any CPU
		{AC69C3C1-8C4A-424C-8AC9-128E05A1B54B}.Release|ARM.ActiveCfg = Release|ARM
		{AC69C3C1-8C4A-424C-8AC9-128E05A1B54B}.Release|ARM.Build.0 = Release|ARM
		{AC69C3C1-8C4A-424C-8AC9-128E05A1B54B}.Release|x64.ActiveCfg = Release|x64
		{AC69C3C1-8C4A-424C-8AC9-128E05A1B54B}.Release|x64.Build.0 = Release|x64
		{AC69C3C1-8C4A-424C-8AC9-128E05A1B54B}.Release|x86.ActiveCfg = Release|x86
		{AC69C3C1-8C4A-424C-8AC9-128E05A1B54B}.Release|x86.Build.0 = Release|x86
		{94813FA8-4A95-474E-93FB-1E9C9EAB9BF7}.Debug|Any CPU.ActiveCfg = Debug|Any CPU
		{94813FA8-4A95-474E-93FB-1E9C9EAB9BF7}.Debug|Any CPU.Build.0 = Debug|Any CPU
		{94813FA8-4A95-474E-93FB-1E9C9EAB9BF7}.Debug|ARM.ActiveCfg = Debug|Any CPU
		{94813FA8-4A95-474E-93FB-1E9C9EAB9BF7}.Debug|ARM.Build.0 = Debug|Any CPU
		{94813FA8-4A95-474E-93FB-1E9C9EAB9BF7}.Debug|x64.ActiveCfg = Debug|Any CPU
		{94813FA8-4A95-474E-93FB-1E9C9EAB9BF7}.Debug|x64.Build.0 = Debug|Any CPU
		{94813FA8-4A95-474E-93FB-1E9C9EAB9BF7}.Debug|x86.ActiveCfg = Debug|Any CPU
		{94813FA8-4A95-474E-93FB-1E9C9EAB9BF7}.Debug|x86.Build.0 = Debug|Any CPU
		{94813FA8-4A95-474E-93FB-1E9C9EAB9BF7}.Release|Any CPU.ActiveCfg = Release|Any CPU
		{94813FA8-4A95-474E-93FB-1E9C9EAB9BF7}.Release|Any CPU.Build.0 = Release|Any CPU
		{94813FA8-4A95-474E-93FB-1E9C9EAB9BF7}.Release|ARM.ActiveCfg = Release|Any CPU
		{94813FA8-4A95-474E-93FB-1E9C9EAB9BF7}.Release|ARM.Build.0 = Release|Any CPU
		{94813FA8-4A95-474E-93FB-1E9C9EAB9BF7}.Release|x64.ActiveCfg = Release|Any CPU
		{94813FA8-4A95-474E-93FB-1E9C9EAB9BF7}.Release|x64.Build.0 = Release|Any CPU
		{94813FA8-4A95-474E-93FB-1E9C9EAB9BF7}.Release|x86.ActiveCfg = Release|Any CPU
		{94813FA8-4A95-474E-93FB-1E9C9EAB9BF7}.Release|x86.Build.0 = Release|Any CPU
		{57DD34BD-9E87-462E-98A4-07D64D96B807}.Debug|Any CPU.ActiveCfg = Debug|x86
		{57DD34BD-9E87-462E-98A4-07D64D96B807}.Debug|Any CPU.Build.0 = Debug|x86
		{57DD34BD-9E87-462E-98A4-07D64D96B807}.Debug|Any CPU.Deploy.0 = Debug|x86
		{57DD34BD-9E87-462E-98A4-07D64D96B807}.Debug|ARM.ActiveCfg = Debug|ARM
		{57DD34BD-9E87-462E-98A4-07D64D96B807}.Debug|ARM.Build.0 = Debug|ARM
		{57DD34BD-9E87-462E-98A4-07D64D96B807}.Debug|ARM.Deploy.0 = Debug|ARM
		{57DD34BD-9E87-462E-98A4-07D64D96B807}.Debug|x64.ActiveCfg = Debug|x64
		{57DD34BD-9E87-462E-98A4-07D64D96B807}.Debug|x64.Build.0 = Debug|x64
		{57DD34BD-9E87-462E-98A4-07D64D96B807}.Debug|x64.Deploy.0 = Debug|x64
		{57DD34BD-9E87-462E-98A4-07D64D96B807}.Debug|x86.ActiveCfg = Debug|x86
		{57DD34BD-9E87-462E-98A4-07D64D96B807}.Debug|x86.Build.0 = Debug|x86
		{57DD34BD-9E87-462E-98A4-07D64D96B807}.Debug|x86.Deploy.0 = Debug|x86
		{57DD34BD-9E87-462E-98A4-07D64D96B807}.Release|Any CPU.ActiveCfg = Release|x86
		{57DD34BD-9E87-462E-98A4-07D64D96B807}.Release|ARM.ActiveCfg = Release|ARM
		{57DD34BD-9E87-462E-98A4-07D64D96B807}.Release|ARM.Build.0 = Release|ARM
		{57DD34BD-9E87-462E-98A4-07D64D96B807}.Release|ARM.Deploy.0 = Release|ARM
		{57DD34BD-9E87-462E-98A4-07D64D96B807}.Release|x64.ActiveCfg = Release|x64
		{57DD34BD-9E87-462E-98A4-07D64D96B807}.Release|x64.Build.0 = Release|x64
		{57DD34BD-9E87-462E-98A4-07D64D96B807}.Release|x64.Deploy.0 = Release|x64
		{57DD34BD-9E87-462E-98A4-07D64D96B807}.Release|x86.ActiveCfg = Release|x86
		{57DD34BD-9E87-462E-98A4-07D64D96B807}.Release|x86.Build.0 = Release|x86
		{57DD34BD-9E87-462E-98A4-07D64D96B807}.Release|x86.Deploy.0 = Release|x86
		{0B0BF029-A7EA-44DB-8BA4-3CB52E7D4093}.Debug|Any CPU.ActiveCfg = Debug|Any CPU
		{0B0BF029-A7EA-44DB-8BA4-3CB52E7D4093}.Debug|Any CPU.Build.0 = Debug|Any CPU
		{0B0BF029-A7EA-44DB-8BA4-3CB52E7D4093}.Debug|ARM.ActiveCfg = Debug|Any CPU
		{0B0BF029-A7EA-44DB-8BA4-3CB52E7D4093}.Debug|ARM.Build.0 = Debug|Any CPU
		{0B0BF029-A7EA-44DB-8BA4-3CB52E7D4093}.Debug|x64.ActiveCfg = Debug|Any CPU
		{0B0BF029-A7EA-44DB-8BA4-3CB52E7D4093}.Debug|x64.Build.0 = Debug|Any CPU
		{0B0BF029-A7EA-44DB-8BA4-3CB52E7D4093}.Debug|x86.ActiveCfg = Debug|Any CPU
		{0B0BF029-A7EA-44DB-8BA4-3CB52E7D4093}.Debug|x86.Build.0 = Debug|Any CPU
		{0B0BF029-A7EA-44DB-8BA4-3CB52E7D4093}.Release|Any CPU.ActiveCfg = Release|Any CPU
		{0B0BF029-A7EA-44DB-8BA4-3CB52E7D4093}.Release|Any CPU.Build.0 = Release|Any CPU
		{0B0BF029-A7EA-44DB-8BA4-3CB52E7D4093}.Release|ARM.ActiveCfg = Release|Any CPU
		{0B0BF029-A7EA-44DB-8BA4-3CB52E7D4093}.Release|ARM.Build.0 = Release|Any CPU
		{0B0BF029-A7EA-44DB-8BA4-3CB52E7D4093}.Release|x64.ActiveCfg = Release|Any CPU
		{0B0BF029-A7EA-44DB-8BA4-3CB52E7D4093}.Release|x64.Build.0 = Release|Any CPU
		{0B0BF029-A7EA-44DB-8BA4-3CB52E7D4093}.Release|x86.ActiveCfg = Release|Any CPU
		{0B0BF029-A7EA-44DB-8BA4-3CB52E7D4093}.Release|x86.Build.0 = Release|Any CPU
		{749FDCA3-8782-441F-A8D3-7C95E3CA00AD}.Debug|Any CPU.ActiveCfg = Debug|Any CPU
		{749FDCA3-8782-441F-A8D3-7C95E3CA00AD}.Debug|Any CPU.Build.0 = Debug|Any CPU
		{749FDCA3-8782-441F-A8D3-7C95E3CA00AD}.Debug|ARM.ActiveCfg = Debug|Any CPU
		{749FDCA3-8782-441F-A8D3-7C95E3CA00AD}.Debug|ARM.Build.0 = Debug|Any CPU
		{749FDCA3-8782-441F-A8D3-7C95E3CA00AD}.Debug|x64.ActiveCfg = Debug|Any CPU
		{749FDCA3-8782-441F-A8D3-7C95E3CA00AD}.Debug|x64.Build.0 = Debug|Any CPU
		{749FDCA3-8782-441F-A8D3-7C95E3CA00AD}.Debug|x86.ActiveCfg = Debug|Any CPU
		{749FDCA3-8782-441F-A8D3-7C95E3CA00AD}.Debug|x86.Build.0 = Debug|Any CPU
		{749FDCA3-8782-441F-A8D3-7C95E3CA00AD}.Release|Any CPU.ActiveCfg = Release|Any CPU
		{749FDCA3-8782-441F-A8D3-7C95E3CA00AD}.Release|Any CPU.Build.0 = Release|Any CPU
		{749FDCA3-8782-441F-A8D3-7C95E3CA00AD}.Release|ARM.ActiveCfg = Release|Any CPU
		{749FDCA3-8782-441F-A8D3-7C95E3CA00AD}.Release|ARM.Build.0 = Release|Any CPU
		{749FDCA3-8782-441F-A8D3-7C95E3CA00AD}.Release|x64.ActiveCfg = Release|Any CPU
		{749FDCA3-8782-441F-A8D3-7C95E3CA00AD}.Release|x64.Build.0 = Release|Any CPU
		{749FDCA3-8782-441F-A8D3-7C95E3CA00AD}.Release|x86.ActiveCfg = Release|Any CPU
		{749FDCA3-8782-441F-A8D3-7C95E3CA00AD}.Release|x86.Build.0 = Release|Any CPU
		{62700AAE-A759-4F40-BB1B-D349B1D5AEB6}.Debug|Any CPU.ActiveCfg = Debug|Any CPU
		{62700AAE-A759-4F40-BB1B-D349B1D5AEB6}.Debug|Any CPU.Build.0 = Debug|Any CPU
		{62700AAE-A759-4F40-BB1B-D349B1D5AEB6}.Debug|ARM.ActiveCfg = Debug|Any CPU
		{62700AAE-A759-4F40-BB1B-D349B1D5AEB6}.Debug|ARM.Build.0 = Debug|Any CPU
		{62700AAE-A759-4F40-BB1B-D349B1D5AEB6}.Debug|x64.ActiveCfg = Debug|Any CPU
		{62700AAE-A759-4F40-BB1B-D349B1D5AEB6}.Debug|x64.Build.0 = Debug|Any CPU
		{62700AAE-A759-4F40-BB1B-D349B1D5AEB6}.Debug|x86.ActiveCfg = Debug|Any CPU
		{62700AAE-A759-4F40-BB1B-D349B1D5AEB6}.Debug|x86.Build.0 = Debug|Any CPU
		{62700AAE-A759-4F40-BB1B-D349B1D5AEB6}.Release|Any CPU.ActiveCfg = Release|Any CPU
		{62700AAE-A759-4F40-BB1B-D349B1D5AEB6}.Release|Any CPU.Build.0 = Release|Any CPU
		{62700AAE-A759-4F40-BB1B-D349B1D5AEB6}.Release|ARM.ActiveCfg = Release|Any CPU
		{62700AAE-A759-4F40-BB1B-D349B1D5AEB6}.Release|ARM.Build.0 = Release|Any CPU
		{62700AAE-A759-4F40-BB1B-D349B1D5AEB6}.Release|x64.ActiveCfg = Release|Any CPU
		{62700AAE-A759-4F40-BB1B-D349B1D5AEB6}.Release|x64.Build.0 = Release|Any CPU
		{62700AAE-A759-4F40-BB1B-D349B1D5AEB6}.Release|x86.ActiveCfg = Release|Any CPU
		{62700AAE-A759-4F40-BB1B-D349B1D5AEB6}.Release|x86.Build.0 = Release|Any CPU
		{EF7A98EC-6E80-4EAD-9D5B-85E217545BCF}.Debug|Any CPU.ActiveCfg = Debug|Any CPU
		{EF7A98EC-6E80-4EAD-9D5B-85E217545BCF}.Debug|Any CPU.Build.0 = Debug|Any CPU
		{EF7A98EC-6E80-4EAD-9D5B-85E217545BCF}.Debug|ARM.ActiveCfg = Debug|ARM
		{EF7A98EC-6E80-4EAD-9D5B-85E217545BCF}.Debug|ARM.Build.0 = Debug|ARM
		{EF7A98EC-6E80-4EAD-9D5B-85E217545BCF}.Debug|x64.ActiveCfg = Debug|x64
		{EF7A98EC-6E80-4EAD-9D5B-85E217545BCF}.Debug|x64.Build.0 = Debug|x64
		{EF7A98EC-6E80-4EAD-9D5B-85E217545BCF}.Debug|x86.ActiveCfg = Debug|x86
		{EF7A98EC-6E80-4EAD-9D5B-85E217545BCF}.Debug|x86.Build.0 = Debug|x86
		{EF7A98EC-6E80-4EAD-9D5B-85E217545BCF}.Release|Any CPU.ActiveCfg = Release|Any CPU
		{EF7A98EC-6E80-4EAD-9D5B-85E217545BCF}.Release|Any CPU.Build.0 = Release|Any CPU
		{EF7A98EC-6E80-4EAD-9D5B-85E217545BCF}.Release|ARM.ActiveCfg = Release|ARM
		{EF7A98EC-6E80-4EAD-9D5B-85E217545BCF}.Release|ARM.Build.0 = Release|ARM
		{EF7A98EC-6E80-4EAD-9D5B-85E217545BCF}.Release|x64.ActiveCfg = Release|x64
		{EF7A98EC-6E80-4EAD-9D5B-85E217545BCF}.Release|x64.Build.0 = Release|x64
		{EF7A98EC-6E80-4EAD-9D5B-85E217545BCF}.Release|x86.ActiveCfg = Release|x86
		{EF7A98EC-6E80-4EAD-9D5B-85E217545BCF}.Release|x86.Build.0 = Release|x86
		{5B42B74F-5F69-484F-8397-4BF23BD45342}.Debug|Any CPU.ActiveCfg = Debug|Any CPU
		{5B42B74F-5F69-484F-8397-4BF23BD45342}.Debug|Any CPU.Build.0 = Debug|Any CPU
		{5B42B74F-5F69-484F-8397-4BF23BD45342}.Debug|ARM.ActiveCfg = Debug|ARM
		{5B42B74F-5F69-484F-8397-4BF23BD45342}.Debug|ARM.Build.0 = Debug|ARM
		{5B42B74F-5F69-484F-8397-4BF23BD45342}.Debug|x64.ActiveCfg = Debug|x64
		{5B42B74F-5F69-484F-8397-4BF23BD45342}.Debug|x64.Build.0 = Debug|x64
		{5B42B74F-5F69-484F-8397-4BF23BD45342}.Debug|x86.ActiveCfg = Debug|x86
		{5B42B74F-5F69-484F-8397-4BF23BD45342}.Debug|x86.Build.0 = Debug|x86
		{5B42B74F-5F69-484F-8397-4BF23BD45342}.Release|Any CPU.ActiveCfg = Release|Any CPU
		{5B42B74F-5F69-484F-8397-4BF23BD45342}.Release|Any CPU.Build.0 = Release|Any CPU
		{5B42B74F-5F69-484F-8397-4BF23BD45342}.Release|ARM.ActiveCfg = Release|ARM
		{5B42B74F-5F69-484F-8397-4BF23BD45342}.Release|ARM.Build.0 = Release|ARM
		{5B42B74F-5F69-484F-8397-4BF23BD45342}.Release|x64.ActiveCfg = Release|x64
		{5B42B74F-5F69-484F-8397-4BF23BD45342}.Release|x64.Build.0 = Release|x64
		{5B42B74F-5F69-484F-8397-4BF23BD45342}.Release|x86.ActiveCfg = Release|x86
		{5B42B74F-5F69-484F-8397-4BF23BD45342}.Release|x86.Build.0 = Release|x86
		{572E448B-88F1-420E-9987-F2647E0090A1}.Debug|Any CPU.ActiveCfg = Debug|Any CPU
		{572E448B-88F1-420E-9987-F2647E0090A1}.Debug|Any CPU.Build.0 = Debug|Any CPU
		{572E448B-88F1-420E-9987-F2647E0090A1}.Debug|ARM.ActiveCfg = Debug|ARM
		{572E448B-88F1-420E-9987-F2647E0090A1}.Debug|ARM.Build.0 = Debug|ARM
		{572E448B-88F1-420E-9987-F2647E0090A1}.Debug|x64.ActiveCfg = Debug|x64
		{572E448B-88F1-420E-9987-F2647E0090A1}.Debug|x64.Build.0 = Debug|x64
		{572E448B-88F1-420E-9987-F2647E0090A1}.Debug|x86.ActiveCfg = Debug|x86
		{572E448B-88F1-420E-9987-F2647E0090A1}.Debug|x86.Build.0 = Debug|x86
		{572E448B-88F1-420E-9987-F2647E0090A1}.Release|Any CPU.ActiveCfg = Release|Any CPU
		{572E448B-88F1-420E-9987-F2647E0090A1}.Release|Any CPU.Build.0 = Release|Any CPU
		{572E448B-88F1-420E-9987-F2647E0090A1}.Release|ARM.ActiveCfg = Release|ARM
		{572E448B-88F1-420E-9987-F2647E0090A1}.Release|ARM.Build.0 = Release|ARM
		{572E448B-88F1-420E-9987-F2647E0090A1}.Release|x64.ActiveCfg = Release|x64
		{572E448B-88F1-420E-9987-F2647E0090A1}.Release|x64.Build.0 = Release|x64
		{572E448B-88F1-420E-9987-F2647E0090A1}.Release|x86.ActiveCfg = Release|x86
		{572E448B-88F1-420E-9987-F2647E0090A1}.Release|x86.Build.0 = Release|x86
		{1C6118CD-08F9-46F9-914F-AE629E1B7DF6}.Debug|Any CPU.ActiveCfg = Debug|Any CPU
		{1C6118CD-08F9-46F9-914F-AE629E1B7DF6}.Debug|Any CPU.Build.0 = Debug|Any CPU
		{1C6118CD-08F9-46F9-914F-AE629E1B7DF6}.Debug|ARM.ActiveCfg = Debug|Any CPU
		{1C6118CD-08F9-46F9-914F-AE629E1B7DF6}.Debug|ARM.Build.0 = Debug|Any CPU
		{1C6118CD-08F9-46F9-914F-AE629E1B7DF6}.Debug|x64.ActiveCfg = Debug|Any CPU
		{1C6118CD-08F9-46F9-914F-AE629E1B7DF6}.Debug|x64.Build.0 = Debug|Any CPU
		{1C6118CD-08F9-46F9-914F-AE629E1B7DF6}.Debug|x86.ActiveCfg = Debug|Any CPU
		{1C6118CD-08F9-46F9-914F-AE629E1B7DF6}.Debug|x86.Build.0 = Debug|Any CPU
		{1C6118CD-08F9-46F9-914F-AE629E1B7DF6}.Release|Any CPU.ActiveCfg = Release|Any CPU
		{1C6118CD-08F9-46F9-914F-AE629E1B7DF6}.Release|Any CPU.Build.0 = Release|Any CPU
		{1C6118CD-08F9-46F9-914F-AE629E1B7DF6}.Release|ARM.ActiveCfg = Release|Any CPU
		{1C6118CD-08F9-46F9-914F-AE629E1B7DF6}.Release|ARM.Build.0 = Release|Any CPU
		{1C6118CD-08F9-46F9-914F-AE629E1B7DF6}.Release|x64.ActiveCfg = Release|Any CPU
		{1C6118CD-08F9-46F9-914F-AE629E1B7DF6}.Release|x64.Build.0 = Release|Any CPU
		{1C6118CD-08F9-46F9-914F-AE629E1B7DF6}.Release|x86.ActiveCfg = Release|Any CPU
		{1C6118CD-08F9-46F9-914F-AE629E1B7DF6}.Release|x86.Build.0 = Release|Any CPU
	EndGlobalSection
	GlobalSection(SolutionProperties) = preSolution
		HideSolutionNode = FALSE
	EndGlobalSection
EndGlobal
