
Microsoft Visual Studio Solution File, Format Version 12.00
# Visual Studio 14
VisualStudioVersion = 14.0.25123.0
MinimumVisualStudioVersion = 10.0.40219.1
Project("{FAE04EC0-301F-11D3-BF4B-00C04F79EFBC}") = "BingoWallpaper.BackgroundTask", "BingoWallpaper.BackgroundTask\BingoWallpaper.BackgroundTask.csproj", "{AC69C3C1-8C4A-424C-8AC9-128E05A1B54B}"
EndProject
Project("{FAE04EC0-301F-11D3-BF4B-00C04F79EFBC}") = "BingoWallpaper.UWP", "BingoWallpaper.UWP\BingoWallpaper.UWP.csproj", "{57DD34BD-9E87-462E-98A4-07D64D96B807}"
EndProject
Project("{FAE04EC0-301F-11D3-BF4B-00C04F79EFBC}") = "BingoWallpaper.Utils", "BingoWallpaper.Utils\BingoWallpaper.Utils.csproj", "{94813FA8-4A95-474E-93FB-1E9C9EAB9BF7}"
EndProject
Project("{FAE04EC0-301F-11D3-BF4B-00C04F79EFBC}") = "BingoWallpaper.Model", "BingoWallpaper.Model\BingoWallpaper.Model.csproj", "{ECD5108F-3420-4436-A7FA-BFE7C8A23E4E}"
EndProject
Project("{FAE04EC0-301F-11D3-BF4B-00C04F79EFBC}") = "BingoWallpaper.Service", "BingoWallpaper.Service\BingoWallpaper.Service.csproj", "{215057C0-8F38-4B43-9969-87242AA39EBA}"
EndProject
Project("{FAE04EC0-301F-11D3-BF4B-00C04F79EFBC}") = "BingoWallpaper.Service.UnitTests", "BingoWallpaper.Service.UnitTests\BingoWallpaper.Service.UnitTests.csproj", "{62700AAE-A759-4F40-BB1B-D349B1D5AEB6}"
EndProject
Global
	GlobalSection(SolutionConfigurationPlatforms) = preSolution
		Debug|Any CPU = Debug|Any CPU
		Debug|ARM = Debug|ARM
		Debug|x64 = Debug|x64
		Debug|x86 = Debug|x86
		Release|Any CPU = Release|Any CPU
		Release|ARM = Release|ARM
		Release|x64 = Release|x64
		Release|x86 = Release|x86
	EndGlobalSection
	GlobalSection(ProjectConfigurationPlatforms) = postSolution
		{AC69C3C1-8C4A-424C-8AC9-128E05A1B54B}.Debug|Any CPU.ActiveCfg = Debug|Any CPU
		{AC69C3C1-8C4A-424C-8AC9-128E05A1B54B}.Debug|Any CPU.Build.0 = Debug|Any CPU
		{AC69C3C1-8C4A-424C-8AC9-128E05A1B54B}.Debug|ARM.ActiveCfg = Debug|ARM
		{AC69C3C1-8C4A-424C-8AC9-128E05A1B54B}.Debug|ARM.Build.0 = Debug|ARM
		{AC69C3C1-8C4A-424C-8AC9-128E05A1B54B}.Debug|x64.ActiveCfg = Debug|x64
		{AC69C3C1-8C4A-424C-8AC9-128E05A1B54B}.Debug|x64.Build.0 = Debug|x64
		{AC69C3C1-8C4A-424C-8AC9-128E05A1B54B}.Debug|x86.ActiveCfg = Debug|x86
		{AC69C3C1-8C4A-424C-8AC9-128E05A1B54B}.Debug|x86.Build.0 = Debug|x86
		{AC69C3C1-8C4A-424C-8AC9-128E05A1B54B}.Release|Any CPU.ActiveCfg = Release|Any CPU
		{AC69C3C1-8C4A-424C-8AC9-128E05A1B54B}.Release|Any CPU.Build.0 = Release|Any CPU
		{AC69C3C1-8C4A-424C-8AC9-128E05A1B54B}.Release|ARM.ActiveCfg = Release|ARM
		{AC69C3C1-8C4A-424C-8AC9-128E05A1B54B}.Release|ARM.Build.0 = Release|ARM
		{AC69C3C1-8C4A-424C-8AC9-128E05A1B54B}.Release|x64.ActiveCfg = Release|x64
		{AC69C3C1-8C4A-424C-8AC9-128E05A1B54B}.Release|x64.Build.0 = Release|x64
		{AC69C3C1-8C4A-424C-8AC9-128E05A1B54B}.Release|x86.ActiveCfg = Release|x86
		{AC69C3C1-8C4A-424C-8AC9-128E05A1B54B}.Release|x86.Build.0 = Release|x86
		{57DD34BD-9E87-462E-98A4-07D64D96B807}.Debug|Any CPU.ActiveCfg = Debug|x86
		{57DD34BD-9E87-462E-98A4-07D64D96B807}.Debug|Any CPU.Build.0 = Debug|x86
		{57DD34BD-9E87-462E-98A4-07D64D96B807}.Debug|Any CPU.Deploy.0 = Debug|x86
		{57DD34BD-9E87-462E-98A4-07D64D96B807}.Debug|ARM.ActiveCfg = Debug|ARM
		{57DD34BD-9E87-462E-98A4-07D64D96B807}.Debug|ARM.Build.0 = Debug|ARM
		{57DD34BD-9E87-462E-98A4-07D64D96B807}.Debug|ARM.Deploy.0 = Debug|ARM
		{57DD34BD-9E87-462E-98A4-07D64D96B807}.Debug|x64.ActiveCfg = Debug|x64
		{57DD34BD-9E87-462E-98A4-07D64D96B807}.Debug|x64.Build.0 = Debug|x64
		{57DD34BD-9E87-462E-98A4-07D64D96B807}.Debug|x64.Deploy.0 = Debug|x64
		{57DD34BD-9E87-462E-98A4-07D64D96B807}.Debug|x86.ActiveCfg = Debug|x86
		{57DD34BD-9E87-462E-98A4-07D64D96B807}.Debug|x86.Build.0 = Debug|x86
		{57DD34BD-9E87-462E-98A4-07D64D96B807}.Debug|x86.Deploy.0 = Debug|x86
		{57DD34BD-9E87-462E-98A4-07D64D96B807}.Release|Any CPU.ActiveCfg = Release|x86
		{57DD34BD-9E87-462E-98A4-07D64D96B807}.Release|ARM.ActiveCfg = Release|ARM
		{57DD34BD-9E87-462E-98A4-07D64D96B807}.Release|ARM.Build.0 = Release|ARM
		{57DD34BD-9E87-462E-98A4-07D64D96B807}.Release|ARM.Deploy.0 = Release|ARM
		{57DD34BD-9E87-462E-98A4-07D64D96B807}.Release|x64.ActiveCfg = Release|x64
		{57DD34BD-9E87-462E-98A4-07D64D96B807}.Release|x64.Build.0 = Release|x64
		{57DD34BD-9E87-462E-98A4-07D64D96B807}.Release|x64.Deploy.0 = Release|x64
		{57DD34BD-9E87-462E-98A4-07D64D96B807}.Release|x86.ActiveCfg = Release|x86
		{57DD34BD-9E87-462E-98A4-07D64D96B807}.Release|x86.Build.0 = Release|x86
		{57DD34BD-9E87-462E-98A4-07D64D96B807}.Release|x86.Deploy.0 = Release|x86
		{94813FA8-4A95-474E-93FB-1E9C9EAB9BF7}.Debug|Any CPU.ActiveCfg = Debug|Any CPU
		{94813FA8-4A95-474E-93FB-1E9C9EAB9BF7}.Debug|Any CPU.Build.0 = Debug|Any CPU
		{94813FA8-4A95-474E-93FB-1E9C9EAB9BF7}.Debug|ARM.ActiveCfg = Debug|Any CPU
		{94813FA8-4A95-474E-93FB-1E9C9EAB9BF7}.Debug|ARM.Build.0 = Debug|Any CPU
		{94813FA8-4A95-474E-93FB-1E9C9EAB9BF7}.Debug|x64.ActiveCfg = Debug|Any CPU
		{94813FA8-4A95-474E-93FB-1E9C9EAB9BF7}.Debug|x64.Build.0 = Debug|Any CPU
		{94813FA8-4A95-474E-93FB-1E9C9EAB9BF7}.Debug|x86.ActiveCfg = Debug|Any CPU
		{94813FA8-4A95-474E-93FB-1E9C9EAB9BF7}.Debug|x86.Build.0 = Debug|Any CPU
		{94813FA8-4A95-474E-93FB-1E9C9EAB9BF7}.Release|Any CPU.ActiveCfg = Release|Any CPU
		{94813FA8-4A95-474E-93FB-1E9C9EAB9BF7}.Release|Any CPU.Build.0 = Release|Any CPU
		{94813FA8-4A95-474E-93FB-1E9C9EAB9BF7}.Release|ARM.ActiveCfg = Release|Any CPU
		{94813FA8-4A95-474E-93FB-1E9C9EAB9BF7}.Release|ARM.Build.0 = Release|Any CPU
		{94813FA8-4A95-474E-93FB-1E9C9EAB9BF7}.Release|x64.ActiveCfg = Release|Any CPU
		{94813FA8-4A95-474E-93FB-1E9C9EAB9BF7}.Release|x64.Build.0 = Release|Any CPU
		{94813FA8-4A95-474E-93FB-1E9C9EAB9BF7}.Release|x86.ActiveCfg = Release|Any CPU
		{94813FA8-4A95-474E-93FB-1E9C9EAB9BF7}.Release|x86.Build.0 = Release|Any CPU
		{ECD5108F-3420-4436-A7FA-BFE7C8A23E4E}.Debug|Any CPU.ActiveCfg = Debug|Any CPU
		{ECD5108F-3420-4436-A7FA-BFE7C8A23E4E}.Debug|Any CPU.Build.0 = Debug|Any CPU
		{ECD5108F-3420-4436-A7FA-BFE7C8A23E4E}.Debug|ARM.ActiveCfg = Debug|Any CPU
		{ECD5108F-3420-4436-A7FA-BFE7C8A23E4E}.Debug|ARM.Build.0 = Debug|Any CPU
		{ECD5108F-3420-4436-A7FA-BFE7C8A23E4E}.Debug|x64.ActiveCfg = Debug|Any CPU
		{ECD5108F-3420-4436-A7FA-BFE7C8A23E4E}.Debug|x64.Build.0 = Debug|Any CPU
		{ECD5108F-3420-4436-A7FA-BFE7C8A23E4E}.Debug|x86.ActiveCfg = Debug|Any CPU
		{ECD5108F-3420-4436-A7FA-BFE7C8A23E4E}.Debug|x86.Build.0 = Debug|Any CPU
		{ECD5108F-3420-4436-A7FA-BFE7C8A23E4E}.Release|Any CPU.ActiveCfg = Release|Any CPU
		{ECD5108F-3420-4436-A7FA-BFE7C8A23E4E}.Release|Any CPU.Build.0 = Release|Any CPU
		{ECD5108F-3420-4436-A7FA-BFE7C8A23E4E}.Release|ARM.ActiveCfg = Release|Any CPU
		{ECD5108F-3420-4436-A7FA-BFE7C8A23E4E}.Release|ARM.Build.0 = Release|Any CPU
		{ECD5108F-3420-4436-A7FA-BFE7C8A23E4E}.Release|x64.ActiveCfg = Release|Any CPU
		{ECD5108F-3420-4436-A7FA-BFE7C8A23E4E}.Release|x64.Build.0 = Release|Any CPU
		{ECD5108F-3420-4436-A7FA-BFE7C8A23E4E}.Release|x86.ActiveCfg = Release|Any CPU
		{ECD5108F-3420-4436-A7FA-BFE7C8A23E4E}.Release|x86.Build.0 = Release|Any CPU
		{215057C0-8F38-4B43-9969-87242AA39EBA}.Debug|Any CPU.ActiveCfg = Debug|Any CPU
		{215057C0-8F38-4B43-9969-87242AA39EBA}.Debug|Any CPU.Build.0 = Debug|Any CPU
		{215057C0-8F38-4B43-9969-87242AA39EBA}.Debug|ARM.ActiveCfg = Debug|Any CPU
		{215057C0-8F38-4B43-9969-87242AA39EBA}.Debug|ARM.Build.0 = Debug|Any CPU
		{215057C0-8F38-4B43-9969-87242AA39EBA}.Debug|x64.ActiveCfg = Debug|Any CPU
		{215057C0-8F38-4B43-9969-87242AA39EBA}.Debug|x64.Build.0 = Debug|Any CPU
		{215057C0-8F38-4B43-9969-87242AA39EBA}.Debug|x86.ActiveCfg = Debug|Any CPU
		{215057C0-8F38-4B43-9969-87242AA39EBA}.Debug|x86.Build.0 = Debug|Any CPU
		{215057C0-8F38-4B43-9969-87242AA39EBA}.Release|Any CPU.ActiveCfg = Release|Any CPU
		{215057C0-8F38-4B43-9969-87242AA39EBA}.Release|Any CPU.Build.0 = Release|Any CPU
		{215057C0-8F38-4B43-9969-87242AA39EBA}.Release|ARM.ActiveCfg = Release|Any CPU
		{215057C0-8F38-4B43-9969-87242AA39EBA}.Release|ARM.Build.0 = Release|Any CPU
		{215057C0-8F38-4B43-9969-87242AA39EBA}.Release|x64.ActiveCfg = Release|Any CPU
		{215057C0-8F38-4B43-9969-87242AA39EBA}.Release|x64.Build.0 = Release|Any CPU
		{215057C0-8F38-4B43-9969-87242AA39EBA}.Release|x86.ActiveCfg = Release|Any CPU
		{215057C0-8F38-4B43-9969-87242AA39EBA}.Release|x86.Build.0 = Release|Any CPU
		{62700AAE-A759-4F40-BB1B-D349B1D5AEB6}.Debug|Any CPU.ActiveCfg = Debug|Any CPU
		{62700AAE-A759-4F40-BB1B-D349B1D5AEB6}.Debug|Any CPU.Build.0 = Debug|Any CPU
		{62700AAE-A759-4F40-BB1B-D349B1D5AEB6}.Debug|ARM.ActiveCfg = Debug|Any CPU
		{62700AAE-A759-4F40-BB1B-D349B1D5AEB6}.Debug|ARM.Build.0 = Debug|Any CPU
		{62700AAE-A759-4F40-BB1B-D349B1D5AEB6}.Debug|x64.ActiveCfg = Debug|Any CPU
		{62700AAE-A759-4F40-BB1B-D349B1D5AEB6}.Debug|x64.Build.0 = Debug|Any CPU
		{62700AAE-A759-4F40-BB1B-D349B1D5AEB6}.Debug|x86.ActiveCfg = Debug|Any CPU
		{62700AAE-A759-4F40-BB1B-D349B1D5AEB6}.Debug|x86.Build.0 = Debug|Any CPU
		{62700AAE-A759-4F40-BB1B-D349B1D5AEB6}.Release|Any CPU.ActiveCfg = Release|Any CPU
		{62700AAE-A759-4F40-BB1B-D349B1D5AEB6}.Release|Any CPU.Build.0 = Release|Any CPU
		{62700AAE-A759-4F40-BB1B-D349B1D5AEB6}.Release|ARM.ActiveCfg = Release|Any CPU
		{62700AAE-A759-4F40-BB1B-D349B1D5AEB6}.Release|ARM.Build.0 = Release|Any CPU
		{62700AAE-A759-4F40-BB1B-D349B1D5AEB6}.Release|x64.ActiveCfg = Release|Any CPU
		{62700AAE-A759-4F40-BB1B-D349B1D5AEB6}.Release|x64.Build.0 = Release|Any CPU
		{62700AAE-A759-4F40-BB1B-D349B1D5AEB6}.Release|x86.ActiveCfg = Release|Any CPU
		{62700AAE-A759-4F40-BB1B-D349B1D5AEB6}.Release|x86.Build.0 = Release|Any CPU
	EndGlobalSection
	GlobalSection(SolutionProperties) = preSolution
		HideSolutionNode = FALSE
	EndGlobalSection
EndGlobal
